{
  "originHash" : "58118de35eb94e29406f8ffc241d77d0956f7326b73d531cc357b56b2492c88c",
  "pins" : [
    {
      "identity" : "bigint",
      "kind" : "remoteSourceControl",
      "location" : "https://github.com/attaswift/BigInt.git",
      "state" : {
        "revision" : "114343a705df4725dfe7ab8a2a326b8883cfd79c",
        "version" : "5.5.1"
      }
    },
    {
      "identity" : "swift-secp256k1",
      "kind" : "remoteSourceControl",
      "location" : "https://github.com/21-DOT-DEV/swift-secp256k1",
      "state" : {
        "revision" : "57ce9af6db14e0114af631ace25231a9d0ccccbd",
        "version" : "0.18.0"
      }
    }
  ],
  "version" : 3
}
